
Microsoft Visual Studio Solution File, Format Version 12.00
# Visual Studio Version 16
VisualStudioVersion = 16.0.30114.105
MinimumVisualStudioVersion = 10.0.40219.1
Project("{FAE04EC0-301F-11D3-BF4B-00C04F79EFBC}") = "VidlyDemo", "VidlyDemo\VidlyDemo.csproj", "{D5D2EDFC-ED58-4974-8C75-92EE95ACD304}"
EndProject
Global
	GlobalSection(SolutionConfigurationPlatforms) = preSolution
		Debug|Any CPU = Debug|Any CPU
		Release|Any CPU = Release|Any CPU
	EndGlobalSection
	GlobalSection(ProjectConfigurationPlatforms) = postSolution
		{D5D2EDFC-ED58-4974-8C75-92EE95ACD304}.Debug|Any CPU.ActiveCfg = Debug|Any CPU
		{D5D2EDFC-ED58-4974-8C75-92EE95ACD304}.Debug|Any CPU.Build.0 = Debug|Any CPU
		{D5D2EDFC-ED58-4974-8C75-92EE95ACD304}.Release|Any CPU.ActiveCfg = Release|Any CPU
		{D5D2EDFC-ED58-4974-8C75-92EE95ACD304}.Release|Any CPU.Build.0 = Release|Any CPU
	EndGlobalSection
	GlobalSection(SolutionProperties) = preSolution
		HideSolutionNode = FALSE
	EndGlobalSection
	GlobalSection(ExtensibilityGlobals) = postSolution
		SolutionGuid = {BD7F3D00-08A8-4AF6-A414-601186943128}
	EndGlobalSection
EndGlobal
